
Microsoft Visual Studio Solution File, Format Version 12.00
# Visual Studio Version 17
VisualStudioVersion = 17.0.31912.275
MinimumVisualStudioVersion = 10.0.40219.1
Project("{FAE04EC0-301F-11D3-BF4B-00C04F79EFBC}") = "logbox", "logbox\logbox.csproj", "{264F3088-4864-47C1-BE8F-DFC5C303E724}"
EndProject
Global
	GlobalSection(SolutionConfigurationPlatforms) = preSolution
		Debug|Any CPU = Debug|Any CPU
		Release|Any CPU = Release|Any CPU
	EndGlobalSection
	GlobalSection(ProjectConfigurationPlatforms) = postSolution
		{264F3088-4864-47C1-BE8F-DFC5C303E724}.Debug|Any CPU.ActiveCfg = Debug|Any CPU
		{264F3088-4864-47C1-BE8F-DFC5C303E724}.Debug|Any CPU.Build.0 = Debug|Any CPU
		{264F3088-4864-47C1-BE8F-DFC5C303E724}.Release|Any CPU.ActiveCfg = Release|Any CPU
		{264F3088-4864-47C1-BE8F-DFC5C303E724}.Release|Any CPU.Build.0 = Release|Any CPU
	EndGlobalSection
	GlobalSection(SolutionProperties) = preSolution
		HideSolutionNode = FALSE
	EndGlobalSection
	GlobalSection(ExtensibilityGlobals) = postSolution
		SolutionGuid = {F388D1F2-AF51-4947-B1C1-0496D424005C}
	EndGlobalSection
EndGlobal
